
Microsoft Visual Studio Solution File, Format Version 12.00
# Visual Studio Version 17
VisualStudioVersion = 17.7.34202.233
MinimumVisualStudioVersion = 10.0.40219.1
Project("{FAE04EC0-301F-11D3-BF4B-00C04F79EFBC}") = "Labo3", "Labo3\Labo3.csproj", "{B9F54BB4-9B2F-4281-9226-8C6DD441A2A6}"
EndProject
Global
	GlobalSection(SolutionConfigurationPlatforms) = preSolution
		Debug|Any CPU = Debug|Any CPU
		Release|Any CPU = Release|Any CPU
	EndGlobalSection
	GlobalSection(ProjectConfigurationPlatforms) = postSolution
		{B9F54BB4-9B2F-4281-9226-8C6DD441A2A6}.Debug|Any CPU.ActiveCfg = Debug|Any CPU
		{B9F54BB4-9B2F-4281-9226-8C6DD441A2A6}.Debug|Any CPU.Build.0 = Debug|Any CPU
		{B9F54BB4-9B2F-4281-9226-8C6DD441A2A6}.Release|Any CPU.ActiveCfg = Release|Any CPU
		{B9F54BB4-9B2F-4281-9226-8C6DD441A2A6}.Release|Any CPU.Build.0 = Release|Any CPU
	EndGlobalSection
	GlobalSection(SolutionProperties) = preSolution
		HideSolutionNode = FALSE
	EndGlobalSection
	GlobalSection(ExtensibilityGlobals) = postSolution
		SolutionGuid = {8646D110-A02D-4452-91F6-BA59C04C4F30}
	EndGlobalSection
EndGlobal
